
Microsoft Visual Studio Solution File, Format Version 12.00
# Visual Studio Version 17
VisualStudioVersion = 17.4.33122.133
MinimumVisualStudioVersion = 10.0.40219.1
Project("{FAE04EC0-301F-11D3-BF4B-00C04F79EFBC}") = "SantaClausPart1", "SantaClausPart1\SantaClausPart1.csproj", "{6C73DB50-D06C-4E0E-8630-700FFD1F92F5}"
EndProject
Global
	GlobalSection(SolutionConfigurationPlatforms) = preSolution
		Debug|Any CPU = Debug|Any CPU
		Release|Any CPU = Release|Any CPU
	EndGlobalSection
	GlobalSection(ProjectConfigurationPlatforms) = postSolution
		{6C73DB50-D06C-4E0E-8630-700FFD1F92F5}.Debug|Any CPU.ActiveCfg = Debug|Any CPU
		{6C73DB50-D06C-4E0E-8630-700FFD1F92F5}.Debug|Any CPU.Build.0 = Debug|Any CPU
		{6C73DB50-D06C-4E0E-8630-700FFD1F92F5}.Release|Any CPU.ActiveCfg = Release|Any CPU
		{6C73DB50-D06C-4E0E-8630-700FFD1F92F5}.Release|Any CPU.Build.0 = Release|Any CPU
	EndGlobalSection
	GlobalSection(SolutionProperties) = preSolution
		HideSolutionNode = FALSE
	EndGlobalSection
	GlobalSection(ExtensibilityGlobals) = postSolution
		SolutionGuid = {154B4E0E-1EC5-46F6-BE45-613616F3933F}
	EndGlobalSection
EndGlobal
