
Microsoft Visual Studio Solution File, Format Version 12.00
# Visual Studio Version 17
VisualStudioVersion = 17.4.33122.133
MinimumVisualStudioVersion = 10.0.40219.1
Project("{FAE04EC0-301F-11D3-BF4B-00C04F79EFBC}") = "SantaClausPart2", "SantaClausPart2\SantaClausPart2.csproj", "{3C450F02-44DF-4129-BB6F-09E7B0A2B395}"
EndProject
Global
	GlobalSection(SolutionConfigurationPlatforms) = preSolution
		Debug|Any CPU = Debug|Any CPU
		Release|Any CPU = Release|Any CPU
	EndGlobalSection
	GlobalSection(ProjectConfigurationPlatforms) = postSolution
		{3C450F02-44DF-4129-BB6F-09E7B0A2B395}.Debug|Any CPU.ActiveCfg = Debug|Any CPU
		{3C450F02-44DF-4129-BB6F-09E7B0A2B395}.Debug|Any CPU.Build.0 = Debug|Any CPU
		{3C450F02-44DF-4129-BB6F-09E7B0A2B395}.Release|Any CPU.ActiveCfg = Release|Any CPU
		{3C450F02-44DF-4129-BB6F-09E7B0A2B395}.Release|Any CPU.Build.0 = Release|Any CPU
	EndGlobalSection
	GlobalSection(SolutionProperties) = preSolution
		HideSolutionNode = FALSE
	EndGlobalSection
	GlobalSection(ExtensibilityGlobals) = postSolution
		SolutionGuid = {8E5ABB27-3252-4AB8-A398-81AC54ACE540}
	EndGlobalSection
EndGlobal
